dependencies:
- name: postgresql
  repository: https://charts.bitnami.com/bitnami
  version: 16.7.27
- name: mysql
  repository: https://charts.bitnami.com/bitnami
  version: 12.3.5
- name: redis
  repository: https://charts.bitnami.com/bitnami
  version: 21.2.14
digest: sha256:50da275339526b42bbd4e14eff5147be11a32a9a89cca37ad2b77e5a39bb12c2
generated: "2026-08-07T22:31:54.48872+08:00"
